PODS:
  - ZJFShowHudLabel (0.1.2)

DEPENDENCIES:
  - ZJFShowHudLabel

SPEC REPOS:
  https://github.com/cocoapods/specs.git:
    - ZJFShowHudLabel

SPEC CHECKSUMS:
  ZJFShowHudLabel: 2f55042051a5c88a45fb18f536b8ebbaa212222e

PODFILE CHECKSUM: c39daf46eb1b061147d47ff064a93dfc511eac14

COCOAPODS: 1.7.5
